
Microsoft Visual Studio Solution File, Format Version 12.00
# Visual Studio 14
VisualStudioVersion = 14.0.25420.1
MinimumVisualStudioVersion = 10.0.40219.1
Project("{FAE04EC0-301F-11D3-BF4B-00C04F79EFBC}") = "two_form", "two_form\two_form.csproj", "{E8F5C834-EC49-4BBC-B830-CCBB839C5BB0}"
EndProject
Project("{FAE04EC0-301F-11D3-BF4B-00C04F79EFBC}") = "MDI Basic", "..\..\C#程序\try\MDI Basic\MDI Basic\MDI Basic.csproj", "{323F3DFD-3B8F-4D22-BD6F-503AEB6AC7F3}"
EndProject
Project("{FAE04EC0-301F-11D3-BF4B-00C04F79EFBC}") = "串口通讯测试", "..\..\串口调试助手 - 0504\try\串口通讯测试\串口通讯测试\串口通讯测试.csproj", "{BF92BA67-67E4-4138-8D23-2179F6AADBD9}"
EndProject
Global
	GlobalSection(SolutionConfigurationPlatforms) = preSolution
		Debug|Any CPU = Debug|Any CPU
		Release|Any CPU = Release|Any CPU
	EndGlobalSection
	GlobalSection(ProjectConfigurationPlatforms) = postSolution
		{E8F5C834-EC49-4BBC-B830-CCBB839C5BB0}.Debug|Any CPU.ActiveCfg = Debug|Any CPU
		{E8F5C834-EC49-4BBC-B830-CCBB839C5BB0}.Debug|Any CPU.Build.0 = Debug|Any CPU
		{E8F5C834-EC49-4BBC-B830-CCBB839C5BB0}.Release|Any CPU.ActiveCfg = Release|Any CPU
		{E8F5C834-EC49-4BBC-B830-CCBB839C5BB0}.Release|Any CPU.Build.0 = Release|Any CPU
		{323F3DFD-3B8F-4D22-BD6F-503AEB6AC7F3}.Debug|Any CPU.ActiveCfg = Debug|Any CPU
		{323F3DFD-3B8F-4D22-BD6F-503AEB6AC7F3}.Debug|Any CPU.Build.0 = Debug|Any CPU
		{323F3DFD-3B8F-4D22-BD6F-503AEB6AC7F3}.Release|Any CPU.ActiveCfg = Release|Any CPU
		{323F3DFD-3B8F-4D22-BD6F-503AEB6AC7F3}.Release|Any CPU.Build.0 = Release|Any CPU
		{BF92BA67-67E4-4138-8D23-2179F6AADBD9}.Debug|Any CPU.ActiveCfg = Debug|Any CPU
		{BF92BA67-67E4-4138-8D23-2179F6AADBD9}.Debug|Any CPU.Build.0 = Debug|Any CPU
		{BF92BA67-67E4-4138-8D23-2179F6AADBD9}.Release|Any CPU.ActiveCfg = Release|Any CPU
		{BF92BA67-67E4-4138-8D23-2179F6AADBD9}.Release|Any CPU.Build.0 = Release|Any CPU
	EndGlobalSection
	GlobalSection(SolutionProperties) = preSolution
		HideSolutionNode = FALSE
	EndGlobalSection
EndGlobal
